// !$*UTF8*$!
{
	archiveVersion = 1;
	classes = {
	};
	objectVersion = 50;
	objects = {

/* Begin PBXBuildFile section */
		6418445C2636199A00604823 /* CodeTextView.swift in Sources */ = {isa = PBXBuildFile; fileRef = 6418445B2636199A00604823 /* CodeTextView.swift */; };
		64425E06260BBFD9001FDAA6 /* HomeViewrow.swift in Sources */ = {isa = PBXBuildFile; fileRef = 64425E05260BBFD9001FDAA6 /* HomeViewrow.swift */; };
		6462FDA2260E33C80079375B /* ContentView.swift in Sources */ = {isa = PBXBuildFile; fileRef = 6462FDA1260E33C80079375B /* ContentView.swift */; };
		64711BFE263DCB520079BD82 /* RectangleCard.swift in Sources */ = {isa = PBXBuildFile; fileRef = 64711BFD263DCB520079BD82 /* RectangleCard.swift */; };
		64AFCBE9262A1CD000F17883 /* Constants.swift in Sources */ = {isa = PBXBuildFile; fileRef = 64AFCBE8262A1CD000F17883 /* Constants.swift */; };
		64AFCBF0262A1D4B00F17883 /* AVKit.framework in Frameworks */ = {isa = PBXBuildFile; fileRef = 64AFCBEF262A1D4B00F17883 /* AVKit.framework */; };
		64B23AD9263DD0BA009BA8CD /* TestView.swift in Sources */ = {isa = PBXBuildFile; fileRef = 64B23AD8263DD0BA009BA8CD /* TestView.swift */; };
		64CCE16C26289CA0005CBF83 /* ContentDetailView.swift in Sources */ = {isa = PBXBuildFile; fileRef = 64CCE16B26289CA0005CBF83 /* ContentDetailView.swift */; };
		64D63CDC260A3B80000024C8 /* LearningApp.swift in Sources */ = {isa = PBXBuildFile; fileRef = 64D63CDB260A3B80000024C8 /* LearningApp.swift */; };
		64D63CDE260A3B80000024C8 /* HomeView.swift in Sources */ = {isa = PBXBuildFile; fileRef = 64D63CDD260A3B80000024C8 /* HomeView.swift */; };
		64D63CE0260A3B80000024C8 /* Assets.xcassets in Resources */ = {isa = PBXBuildFile; fileRef = 64D63CDF260A3B80000024C8 /* Assets.xcassets */; };
		64D63CE3260A3B80000024C8 /* Preview Assets.xcassets in Resources */ = {isa = PBXBuildFile; fileRef = 64D63CE2260A3B80000024C8 /* Preview Assets.xcassets */; };
		64D63CF3260A3C0E000024C8 /* ContentModel.swift in Sources */ = {isa = PBXBuildFile; fileRef = 64D63CF2260A3C0E000024C8 /* ContentModel.swift */; };
		64D63CF7260A4148000024C8 /* data.json in Resources */ = {isa = PBXBuildFile; fileRef = 64D63CF5260A4148000024C8 /* data.json */; };
		64D63CF8260A4148000024C8 /* style.html in Resources */ = {isa = PBXBuildFile; fileRef = 64D63CF6260A4148000024C8 /* style.html */; };
		64D63CFB260A4197000024C8 /* Models.swift in Sources */ = {isa = PBXBuildFile; fileRef = 64D63CFA260A4197000024C8 /* Models.swift */; };
		64E9D24C261DF2A000C2D22F /* ContentViewRow.swift in Sources */ = {isa = PBXBuildFile; fileRef = 64E9D24B261DF2A000C2D22F /* ContentViewRow.swift */; };
/* End PBXBuildFile section */

/* Begin PBXFileReference section */
		6418445B2636199A00604823 /* CodeTextView.swift */ = {isa = PBXFileReference; lastKnownFileType = sourcecode.swift; path = CodeTextView.swift; sourceTree = "<group>"; };
		64425E05260BBFD9001FDAA6 /* HomeViewrow.swift */ = {isa = PBXFileReference; lastKnownFileType = sourcecode.swift; path = HomeViewrow.swift; sourceTree = "<group>"; };
		6462FDA1260E33C80079375B /* ContentView.swift */ = {isa = PBXFileReference; lastKnownFileType = sourcecode.swift; path = ContentView.swift; sourceTree = "<group>"; };
		64711BFD263DCB520079BD82 /* RectangleCard.swift */ = {isa = PBXFileReference; lastKnownFileType = sourcecode.swift; path = RectangleCard.swift; sourceTree = "<group>"; };
		64AFCBE8262A1CD000F17883 /* Constants.swift */ = {isa = PBXFileReference; lastKnownFileType = sourcecode.swift; path = Constants.swift; sourceTree = "<group>"; };
		64AFCBEC262A1D3100F17883 /* ARKit.framework */ = {isa = PBXFileReference; lastKnownFileType = wrapper.framework; name = ARKit.framework; path = System/Library/Frameworks/ARKit.framework; sourceTree = SDKROOT; };
		64AFCBEF262A1D4B00F17883 /* AVKit.framework */ = {isa = PBXFileReference; lastKnownFileType = wrapper.framework; name = AVKit.framework; path = System/Library/Frameworks/AVKit.framework; sourceTree = SDKROOT; };
		64B23AD8263DD0BA009BA8CD /* TestView.swift */ = {isa = PBXFileReference; lastKnownFileType = sourcecode.swift; path = TestView.swift; sourceTree = "<group>"; };
		64CCE16B26289CA0005CBF83 /* ContentDetailView.swift */ = {isa = PBXFileReference; lastKnownFileType = sourcecode.swift; path = ContentDetailView.swift; sourceTree = "<group>"; };
		64D63CD8260A3B80000024C8 /* LearningApp.app */ = {isa = PBXFileReference; explicitFileType = wrapper.application; includeInIndex = 0; path = LearningApp.app; sourceTree = BUILT_PRODUCTS_DIR; };
		64D63CDB260A3B80000024C8 /* LearningApp.swift */ = {isa = PBXFileReference; lastKnownFileType = sourcecode.swift; path = LearningApp.swift; sourceTree = "<group>"; };
		64D63CDD260A3B80000024C8 /* HomeView.swift */ = {isa = PBXFileReference; lastKnownFileType = sourcecode.swift; path = HomeView.swift; sourceTree = "<group>"; };
		64D63CDF260A3B80000024C8 /* Assets.xcassets */ = {isa = PBXFileReference; lastKnownFileType = folder.assetcatalog; path = Assets.xcassets; sourceTree = "<group>"; };
		64D63CE2260A3B80000024C8 /* Preview Assets.xcassets */ = {isa = PBXFileReference; lastKnownFileType = folder.assetcatalog; path = "Preview Assets.xcassets"; sourceTree = "<group>"; };
		64D63CE4260A3B80000024C8 /* Info.plist */ = {isa = PBXFileReference; lastKnownFileType = text.plist.xml; path = Info.plist; sourceTree = "<group>"; };
		64D63CF2260A3C0E000024C8 /* ContentModel.swift */ = {isa = PBXFileReference; lastKnownFileType = sourcecode.swift; path = ContentModel.swift; sourceTree = "<group>"; };
		64D63CF5260A4148000024C8 /* data.json */ = {isa = PBXFileReference; fileEncoding = 4; lastKnownFileType = text.json; path = data.json; sourceTree = "<group>"; };
		64D63CF6260A4148000024C8 /* style.html */ = {isa = PBXFileReference; fileEncoding = 4; lastKnownFileType = text.html; path = style.html; sourceTree = "<group>"; };
		64D63CFA260A4197000024C8 /* Models.swift */ = {isa = PBXFileReference; lastKnownFileType = sourcecode.swift; path = Models.swift; sourceTree = "<group>"; };
		64E9D24B261DF2A000C2D22F /* ContentViewRow.swift */ = {isa = PBXFileReference; lastKnownFileType = sourcecode.swift; path = ContentViewRow.swift; sourceTree = "<group>"; };
/* End PBXFileReference section */

/* Begin PBXFrameworksBuildPhase section */
		64D63CD5260A3B80000024C8 /* Frameworks */ = {
			isa = PBXFrameworksBuildPhase;
			buildActionMask = 2147483647;
			files = (
				64AFCBF0262A1D4B00F17883 /* AVKit.framework in Frameworks */,
			);
			runOnlyForDeploymentPostprocessing = 0;
		};
/* End PBXFrameworksBuildPhase section */

/* Begin PBXGroup section */
		64AFCBEB262A1D3100F17883 /* Frameworks */ = {
			isa = PBXGroup;
			children = (
				64AFCBEF262A1D4B00F17883 /* AVKit.framework */,
				64AFCBEC262A1D3100F17883 /* ARKit.framework */,
			);
			name = Frameworks;
			sourceTree = "<group>";
		};
		64D63CCF260A3B80000024C8 = {
			isa = PBXGroup;
			children = (
				64D63CDA260A3B80000024C8 /* LearningApp */,
				64D63CD9260A3B80000024C8 /* Products */,
				64AFCBEB262A1D3100F17883 /* Frameworks */,
			);
			sourceTree = "<group>";
		};
		64D63CD9260A3B80000024C8 /* Products */ = {
			isa = PBXGroup;
			children = (
				64D63CD8260A3B80000024C8 /* LearningApp.app */,
			);
			name = Products;
			sourceTree = "<group>";
		};
		64D63CDA260A3B80000024C8 /* LearningApp */ = {
			isa = PBXGroup;
			children = (
				64D63CDB260A3B80000024C8 /* LearningApp.swift */,
				64D63CED260A3BC7000024C8 /* Views */,
				64D63CEE260A3BCD000024C8 /* ViewModels */,
				64D63CEF260A3BD4000024C8 /* Models */,
				64D63CF0260A3BD8000024C8 /* Resources */,
				64D63CF1260A3BDD000024C8 /* Helpers */,
				64D63CDF260A3B80000024C8 /* Assets.xcassets */,
				64D63CE4260A3B80000024C8 /* Info.plist */,
				64D63CE1260A3B80000024C8 /* Preview Content */,
			);
			path = LearningApp;
			sourceTree = "<group>";
		};
		64D63CE1260A3B80000024C8 /* Preview Content */ = {
			isa = PBXGroup;
			children = (
				64D63CE2260A3B80000024C8 /* Preview Assets.xcassets */,
			);
			path = "Preview Content";
			sourceTree = "<group>";
		};
		64D63CED260A3BC7000024C8 /* Views */ = {
			isa = PBXGroup;
			children = (
				64D63CDD260A3B80000024C8 /* HomeView.swift */,
				64425E05260BBFD9001FDAA6 /* HomeViewrow.swift */,
				6462FDA1260E33C80079375B /* ContentView.swift */,
				64E9D24B261DF2A000C2D22F /* ContentViewRow.swift */,
				64CCE16B26289CA0005CBF83 /* ContentDetailView.swift */,
				64B23AD8263DD0BA009BA8CD /* TestView.swift */,
				6418445B2636199A00604823 /* CodeTextView.swift */,
				64711BFD263DCB520079BD82 /* RectangleCard.swift */,
			);
			path = Views;
			sourceTree = "<group>";
		};
		64D63CEE260A3BCD000024C8 /* ViewModels */ = {
			isa = PBXGroup;
			children = (
				64D63CF2260A3C0E000024C8 /* ContentModel.swift */,
			);
			path = ViewModels;
			sourceTree = "<group>";
		};
		64D63CEF260A3BD4000024C8 /* Models */ = {
			isa = PBXGroup;
			children = (
				64D63CFA260A4197000024C8 /* Models.swift */,
			);
			path = Models;
			sourceTree = "<group>";
		};
		64D63CF0260A3BD8000024C8 /* Resources */ = {
			isa = PBXGroup;
			children = (
				64D63CF5260A4148000024C8 /* data.json */,
				64D63CF6260A4148000024C8 /* style.html */,
				64AFCBE8262A1CD000F17883 /* Constants.swift */,
			);
			path = Resources;
			sourceTree = "<group>";
		};
		64D63CF1260A3BDD000024C8 /* Helpers */ = {
			isa = PBXGroup;
			children = (
			);
			path = Helpers;
			sourceTree = "<group>";
		};
/* End PBXGroup section */

/* Begin PBXNativeTarget section */
		64D63CD7260A3B80000024C8 /* LearningApp */ = {
			isa = PBXNativeTarget;
			buildConfigurationList = 64D63CE7260A3B80000024C8 /* Build configuration list for PBXNativeTarget "LearningApp" */;
			buildPhases = (
				64D63CD4260A3B80000024C8 /* Sources */,
				64D63CD5260A3B80000024C8 /* Frameworks */,
				64D63CD6260A3B80000024C8 /* Resources */,
			);
			buildRules = (
			);
			dependencies = (
			);
			name = LearningApp;
			productName = LearningApp;
			productReference = 64D63CD8260A3B80000024C8 /* LearningApp.app */;
			productType = "com.apple.product-type.application";
		};
/* End PBXNativeTarget section */

/* Begin PBXProject section */
		64D63CD0260A3B80000024C8 /* Project object */ = {
			isa = PBXProject;
			attributes = {
				LastSwiftUpdateCheck = 1240;
				LastUpgradeCheck = 1240;
				TargetAttributes = {
					64D63CD7260A3B80000024C8 = {
						CreatedOnToolsVersion = 12.4;
					};
				};
			};
			buildConfigurationList = 64D63CD3260A3B80000024C8 /* Build configuration list for PBXProject "LearningApp" */;
			compatibilityVersion = "Xcode 9.3";
			developmentRegion = en;
			hasScannedForEncodings = 0;
			knownRegions = (
				en,
				Base,
			);
			mainGroup = 64D63CCF260A3B80000024C8;
			productRefGroup = 64D63CD9260A3B80000024C8 /* Products */;
			projectDirPath = "";
			projectRoot = "";
			targets = (
				64D63CD7260A3B80000024C8 /* LearningApp */,
			);
		};
/* End PBXProject section */

/* Begin PBXResourcesBuildPhase section */
		64D63CD6260A3B80000024C8 /* Resources */ = {
			isa = PBXResourcesBuildPhase;
			buildActionMask = 2147483647;
			files = (
				64D63CE3260A3B80000024C8 /* Preview Assets.xcassets in Resources */,
				64D63CF7260A4148000024C8 /* data.json in Resources */,
				64D63CF8260A4148000024C8 /* style.html in Resources */,
				64D63CE0260A3B80000024C8 /* Assets.xcassets in Resources */,
			);
			runOnlyForDeploymentPostprocessing = 0;
		};
/* End PBXResourcesBuildPhase section */

/* Begin PBXSourcesBuildPhase section */
		64D63CD4260A3B80000024C8 /* Sources */ = {
			isa = PBXSourcesBuildPhase;
			buildActionMask = 2147483647;
			files = (
				64B23AD9263DD0BA009BA8CD /* TestView.swift in Sources */,
				64D63CDE260A3B80000024C8 /* HomeView.swift in Sources */,
				64D63CDC260A3B80000024C8 /* LearningApp.swift in Sources */,
				6462FDA2260E33C80079375B /* ContentView.swift in Sources */,
				64CCE16C26289CA0005CBF83 /* ContentDetailView.swift in Sources */,
				64D63CF3260A3C0E000024C8 /* ContentModel.swift in Sources */,
				64E9D24C261DF2A000C2D22F /* ContentViewRow.swift in Sources */,
				6418445C2636199A00604823 /* CodeTextView.swift in Sources */,
				64425E06260BBFD9001FDAA6 /* HomeViewrow.swift in Sources */,
				64D63CFB260A4197000024C8 /* Models.swift in Sources */,
				64711BFE263DCB520079BD82 /* RectangleCard.swift in Sources */,
				64AFCBE9262A1CD000F17883 /* Constants.swift in Sources */,
			);
			runOnlyForDeploymentPostprocessing = 0;
		};
/* End PBXSourcesBuildPhase section */

/* Begin XCBuildConfiguration section */
		64D63CE5260A3B80000024C8 /* Debug */ = {
			isa = XCBuildConfiguration;
			buildSettings = {
				ALWAYS_SEARCH_USER_PATHS = NO;
				CLANG_ANALYZER_NONNULL = YES;
				CLANG_ANALYZER_NUMBER_OBJECT_CONVERSION = YES_AGGRESSIVE;
				CLANG_CXX_LANGUAGE_STANDARD = "gnu++14";
				CLANG_CXX_LIBRARY = "libc++";
				CLANG_ENABLE_MODULES = YES;
				CLANG_ENABLE_OBJC_ARC = YES;
				CLANG_ENABLE_OBJC_WEAK = YES;
				CLANG_WARN_BLOCK_CAPTURE_AUTORELEASING = YES;
				CLANG_WARN_BOOL_CONVERSION = YES;
				CLANG_WARN_COMMA = YES;
				CLANG_WARN_CONSTANT_CONVERSION = YES;
				CLANG_WARN_DEPRECATED_OBJC_IMPLEMENTATIONS = YES;
				CLANG_WARN_DIRECT_OBJC_ISA_USAGE = YES_ERROR;
				CLANG_WARN_DOCUMENTATION_COMMENTS = YES;
				CLANG_WARN_EMPTY_BODY = YES;
				CLANG_WARN_ENUM_CONVERSION = YES;
				CLANG_WARN_INFINITE_RECURSION = YES;
				CLANG_WARN_INT_CONVERSION = YES;
				CLANG_WARN_NON_LITERAL_NULL_CONVERSION = YES;
				CLANG_WARN_OBJC_IMPLICIT_RETAIN_SELF = YES;
				CLANG_WARN_OBJC_LITERAL_CONVERSION = YES;
				CLANG_WARN_OBJC_ROOT_CLASS = YES_ERROR;
				CLANG_WARN_QUOTED_INCLUDE_IN_FRAMEWORK_HEADER = YES;
				CLANG_WARN_RANGE_LOOP_ANALYSIS = YES;
				CLANG_WARN_STRICT_PROTOTYPES = YES;
				CLANG_WARN_SUSPICIOUS_MOVE = YES;
				CLANG_WARN_UNGUARDED_AVAILABILITY = YES_AGGRESSIVE;
				CLANG_WARN_UNREACHABLE_CODE = YES;
				CLANG_WARN__DUPLICATE_METHOD_MATCH = YES;
				COPY_PHASE_STRIP = NO;
				DEBUG_INFORMATION_FORMAT = dwarf;
				ENABLE_STRICT_OBJC_MSGSEND = YES;
				ENABLE_TESTABILITY = YES;
				GCC_C_LANGUAGE_STANDARD = gnu11;
				GCC_DYNAMIC_NO_PIC = NO;
				GCC_NO_COMMON_BLOCKS = YES;
				GCC_OPTIMIZATION_LEVEL = 0;
				GCC_PREPROCESSOR_DEFINITIONS = (
					"DEBUG=1",
					"$(inherited)",
				);
				GCC_WARN_64_TO_32_BIT_CONVERSION = YES;
				GCC_WARN_ABOUT_RETURN_TYPE = YES_ERROR;
				GCC_WARN_UNDECLARED_SELECTOR = YES;
				GCC_WARN_UNINITIALIZED_AUTOS = YES_AGGRESSIVE;
				GCC_WARN_UNUSED_FUNCTION = YES;
				GCC_WARN_UNUSED_VARIABLE = YES;
				IPHONEOS_DEPLOYMENT_TARGET = 14.4;
				MTL_ENABLE_DEBUG_INFO = INCLUDE_SOURCE;
				MTL_FAST_MATH = YES;
				ONLY_ACTIVE_ARCH = YES;
				SDKROOT = iphoneos;
				SWIFT_ACTIVE_COMPILATION_CONDITIONS = DEBUG;
				SWIFT_OPTIMIZATION_LEVEL = "-Onone";
			};
			name = Debug;
		};
		64D63CE6260A3B80000024C8 /* Release */ = {
			isa = XCBuildConfiguration;
			buildSettings = {
				ALWAYS_SEARCH_USER_PATHS = NO;
				CLANG_ANALYZER_NONNULL = YES;
				CLANG_ANALYZER_NUMBER_OBJECT_CONVERSION = YES_AGGRESSIVE;
				CLANG_CXX_LANGUAGE_STANDARD = "gnu++14";
				CLANG_CXX_LIBRARY = "libc++";
				CLANG_ENABLE_MODULES = YES;
				CLANG_ENABLE_OBJC_ARC = YES;
				CLANG_ENABLE_OBJC_WEAK = YES;
				CLANG_WARN_BLOCK_CAPTURE_AUTORELEASING = YES;
				CLANG_WARN_BOOL_CONVERSION = YES;
				CLANG_WARN_COMMA = YES;
				CLANG_WARN_CONSTANT_CONVERSION = YES;
				CLANG_WARN_DEPRECATED_OBJC_IMPLEMENTATIONS = YES;
				CLANG_WARN_DIRECT_OBJC_ISA_USAGE = YES_ERROR;
				CLANG_WARN_DOCUMENTATION_COMMENTS = YES;
				CLANG_WARN_EMPTY_BODY = YES;
				CLANG_WARN_ENUM_CONVERSION = YES;
				CLANG_WARN_INFINITE_RECURSION = YES;
				CLANG_WARN_INT_CONVERSION = YES;
				CLANG_WARN_NON_LITERAL_NULL_CONVERSION = YES;
				CLANG_WARN_OBJC_IMPLICIT_RETAIN_SELF = YES;
				CLANG_WARN_OBJC_LITERAL_CONVERSION = YES;
				CLANG_WARN_OBJC_ROOT_CLASS = YES_ERROR;
				CLANG_WARN_QUOTED_INCLUDE_IN_FRAMEWORK_HEADER = YES;
				CLANG_WARN_RANGE_LOOP_ANALYSIS = YES;
				CLANG_WARN_STRICT_PROTOTYPES = YES;
				CLANG_WARN_SUSPICIOUS_MOVE = YES;
				CLANG_WARN_UNGUARDED_AVAILABILITY = YES_AGGRESSIVE;
				CLANG_WARN_UNREACHABLE_CODE = YES;
				CLANG_WARN__DUPLICATE_METHOD_MATCH = YES;
				COPY_PHASE_STRIP = NO;
				DEBUG_INFORMATION_FORMAT = "dwarf-with-dsym";
				ENABLE_NS_ASSERTIONS = NO;
				ENABLE_STRICT_OBJC_MSGSEND = YES;
				GCC_C_LANGUAGE_STANDARD = gnu11;
				GCC_NO_COMMON_BLOCKS = YES;
				GCC_WARN_64_TO_32_BIT_CONVERSION = YES;
				GCC_WARN_ABOUT_RETURN_TYPE = YES_ERROR;
				GCC_WARN_UNDECLARED_SELECTOR = YES;
				GCC_WARN_UNINITIALIZED_AUTOS = YES_AGGRESSIVE;
				GCC_WARN_UNUSED_FUNCTION = YES;
				GCC_WARN_UNUSED_VARIABLE = YES;
				IPHONEOS_DEPLOYMENT_TARGET = 14.4;
				MTL_ENABLE_DEBUG_INFO = NO;
				MTL_FAST_MATH = YES;
				SDKROOT = iphoneos;
				SWIFT_COMPILATION_MODE = wholemodule;
				SWIFT_OPTIMIZATION_LEVEL = "-O";
				VALIDATE_PRODUCT = YES;
			};
			name = Release;
		};
		64D63CE8260A3B80000024C8 /* Debug */ = {
			isa = XCBuildConfiguration;
			buildSettings = {
				ASSETCATALOG_COMPILER_APPICON_NAME = AppIcon;
				ASSETCATALOG_COMPILER_GLOBAL_ACCENT_COLOR_NAME = AccentColor;
				CODE_SIGN_STYLE = Automatic;
				DEVELOPMENT_ASSET_PATHS = "\"LearningApp/Preview Content\"";
				DEVELOPMENT_TEAM = Z226CX359Y;
				ENABLE_PREVIEWS = YES;
				INFOPLIST_FILE = LearningApp/Info.plist;
				IPHONEOS_DEPLOYMENT_TARGET = 14.0;
				LD_RUNPATH_SEARCH_PATHS = (
					"$(inherited)",
					"@executable_path/Frameworks",
				);
				PRODUCT_BUNDLE_IDENTIFIER = "Arshmeet-Sodhi.LearningApp";
				PRODUCT_NAME = "$(TARGET_NAME)";
				SWIFT_VERSION = 5.0;
				TARGETED_DEVICE_FAMILY = "1,2";
			};
			name = Debug;
		};
		64D63CE9260A3B80000024C8 /* Release */ = {
			isa = XCBuildConfiguration;
			buildSettings = {
				ASSETCATALOG_COMPILER_APPICON_NAME = AppIcon;
				ASSETCATALOG_COMPILER_GLOBAL_ACCENT_COLOR_NAME = AccentColor;
				CODE_SIGN_STYLE = Automatic;
				DEVELOPMENT_ASSET_PATHS = "\"LearningApp/Preview Content\"";
				DEVELOPMENT_TEAM = Z226CX359Y;
				ENABLE_PREVIEWS = YES;
				INFOPLIST_FILE = LearningApp/Info.plist;
				IPHONEOS_DEPLOYMENT_TARGET = 14.0;
				LD_RUNPATH_SEARCH_PATHS = (
					"$(inherited)",
					"@executable_path/Frameworks",
				);
				PRODUCT_BUNDLE_IDENTIFIER = "Arshmeet-Sodhi.LearningApp";
				PRODUCT_NAME = "$(TARGET_NAME)";
				SWIFT_VERSION = 5.0;
				TARGETED_DEVICE_FAMILY = "1,2";
			};
			name = Release;
		};
/* End XCBuildConfiguration section */

/* Begin XCConfigurationList section */
		64D63CD3260A3B80000024C8 /* Build configuration list for PBXProject "LearningApp" */ = {
			isa = XCConfigurationList;
			buildConfigurations = (
				64D63CE5260A3B80000024C8 /* Debug */,
				64D63CE6260A3B80000024C8 /* Release */,
			);
			defaultConfigurationIsVisible = 0;
			defaultConfigurationName = Release;
		};
		64D63CE7260A3B80000024C8 /* Build configuration list for PBXNativeTarget "LearningApp" */ = {
			isa = XCConfigurationList;
			buildConfigurations = (
				64D63CE8260A3B80000024C8 /* Debug */,
				64D63CE9260A3B80000024C8 /* Release */,
			);
			defaultConfigurationIsVisible = 0;
			defaultConfigurationName = Release;
		};
/* End XCConfigurationList section */
	};
	rootObject = 64D63CD0260A3B80000024C8 /* Project object */;
}
